
Microsoft Visual Studio Solution File, Format Version 12.00
# Visual Studio Version 17
VisualStudioVersion = 17.10.34928.147
MinimumVisualStudioVersion = 10.0.40219.1
Project("{9A19103F-16F7-4668-BE54-9A1E7A4F7556}") = "StargateAPI", "StargateAPI.csproj", "{B9432020-6DA5-4DA8-9235-020B225DF81A}"
EndProject
Project("{FAE04EC0-301F-11D3-BF4B-00C04F79EFBC}") = "StargateApiTest", "..\StargateApiTest\StargateApiTest.csproj", "{3258AC33-E353-4E80-BD45-F04A6EC5EB2D}"
EndProject
Global
	GlobalSection(SolutionConfigurationPlatforms) = preSolution
		Debug|Any CPU = Debug|Any CPU
		Release|Any CPU = Release|Any CPU
	EndGlobalSection
	GlobalSection(ProjectConfigurationPlatforms) = postSolution
		{B9432020-6DA5-4DA8-9235-020B225DF81A}.Debug|Any CPU.ActiveCfg = Debug|Any CPU
		{B9432020-6DA5-4DA8-9235-020B225DF81A}.Debug|Any CPU.Build.0 = Debug|Any CPU
		{B9432020-6DA5-4DA8-9235-020B225DF81A}.Release|Any CPU.ActiveCfg = Release|Any CPU
		{B9432020-6DA5-4DA8-9235-020B225DF81A}.Release|Any CPU.Build.0 = Release|Any CPU
		{3258AC33-E353-4E80-BD45-F04A6EC5EB2D}.Debug|Any CPU.ActiveCfg = Debug|Any CPU
		{3258AC33-E353-4E80-BD45-F04A6EC5EB2D}.Debug|Any CPU.Build.0 = Debug|Any CPU
		{3258AC33-E353-4E80-BD45-F04A6EC5EB2D}.Release|Any CPU.ActiveCfg = Release|Any CPU
		{3258AC33-E353-4E80-BD45-F04A6EC5EB2D}.Release|Any CPU.Build.0 = Release|Any CPU
	EndGlobalSection
	GlobalSection(SolutionProperties) = preSolution
		HideSolutionNode = FALSE
	EndGlobalSection
	GlobalSection(ExtensibilityGlobals) = postSolution
		SolutionGuid = {56EBB016-F6E9-4E8F-9343-F2AA256A29D7}
	EndGlobalSection
EndGlobal
